// !$*UTF8*$!
{
	archiveVersion = 1;
	classes = {
	};
	objectVersion = 50;
	objects = {

/* Begin PBXBuildFile section */
		FE04BEA922F0CE97002A2A05 /* AppDelegate.swift in Sources */ = {isa = PBXBuildFile; fileRef = FE04BEA822F0CE97002A2A05 /* AppDelegate.swift */; };
		FE04BEAE22F0CE97002A2A05 /* Main.storyboard in Resources */ = {isa = PBXBuildFile; fileRef = FE04BEAC22F0CE97002A2A05 /* Main.storyboard */; };
		FE04BEB122F0CE97002A2A05 /* Foton.xcdatamodeld in Sources */ = {isa = PBXBuildFile; fileRef = FE04BEAF22F0CE97002A2A05 /* Foton.xcdatamodeld */; };
		FE04BEB322F0CE99002A2A05 /* Assets.xcassets in Resources */ = {isa = PBXBuildFile; fileRef = FE04BEB222F0CE99002A2A05 /* Assets.xcassets */; };
		FE04BEB622F0CE99002A2A05 /* LaunchScreen.storyboard in Resources */ = {isa = PBXBuildFile; fileRef = FE04BEB422F0CE99002A2A05 /* LaunchScreen.storyboard */; };
		FE04BEBE22F0EC8A002A2A05 /* LoginViewController.swift in Sources */ = {isa = PBXBuildFile; fileRef = FE04BEBD22F0EC8A002A2A05 /* LoginViewController.swift */; };
		FE04BEC022F0ECC0002A2A05 /* FotoViewController.swift in Sources */ = {isa = PBXBuildFile; fileRef = FE04BEBF22F0ECC0002A2A05 /* FotoViewController.swift */; };
		FE04BEC222F113D3002A2A05 /* FinalFotoViewController.swift in Sources */ = {isa = PBXBuildFile; fileRef = FE04BEC122F113D3002A2A05 /* FinalFotoViewController.swift */; };
		FE04BEC422F21145002A2A05 /* UpLoadViewController.swift in Sources */ = {isa = PBXBuildFile; fileRef = FE04BEC322F21145002A2A05 /* UpLoadViewController.swift */; };
/* End PBXBuildFile section */

/* Begin PBXFileReference section */
		FE04BEA522F0CE97002A2A05 /* Foton.app */ = {isa = PBXFileReference; explicitFileType = wrapper.application; includeInIndex = 0; path = Foton.app; sourceTree = BUILT_PRODUCTS_DIR; };
		FE04BEA822F0CE97002A2A05 /* AppDelegate.swift */ = {isa = PBXFileReference; lastKnownFileType = sourcecode.swift; path = AppDelegate.swift; sourceTree = "<group>"; };
		FE04BEAD22F0CE97002A2A05 /* Base */ = {isa = PBXFileReference; lastKnownFileType = file.storyboard; name = Base; path = Base.lproj/Main.storyboard; sourceTree = "<group>"; };
		FE04BEB022F0CE97002A2A05 /* Foton.xcdatamodel */ = {isa = PBXFileReference; lastKnownFileType = wrapper.xcdatamodel; path = Foton.xcdatamodel; sourceTree = "<group>"; };
		FE04BEB222F0CE99002A2A05 /* Assets.xcassets */ = {isa = PBXFileReference; lastKnownFileType = folder.assetcatalog; path = Assets.xcassets; sourceTree = "<group>"; };
		FE04BEB522F0CE99002A2A05 /* Base */ = {isa = PBXFileReference; lastKnownFileType = file.storyboard; name = Base; path = Base.lproj/LaunchScreen.storyboard; sourceTree = "<group>"; };
		FE04BEB722F0CE99002A2A05 /* Info.plist */ = {isa = PBXFileReference; lastKnownFileType = text.plist.xml; path = Info.plist; sourceTree = "<group>"; };
		FE04BEBD22F0EC8A002A2A05 /* LoginViewController.swift */ = {isa = PBXFileReference; lastKnownFileType = sourcecode.swift; path = LoginViewController.swift; sourceTree = "<group>"; };
		FE04BEBF22F0ECC0002A2A05 /* FotoViewController.swift */ = {isa = PBXFileReference; lastKnownFileType = sourcecode.swift; path = FotoViewController.swift; sourceTree = "<group>"; };
		FE04BEC122F113D3002A2A05 /* FinalFotoViewController.swift */ = {isa = PBXFileReference; lastKnownFileType = sourcecode.swift; path = FinalFotoViewController.swift; sourceTree = "<group>"; };
		FE04BEC322F21145002A2A05 /* UpLoadViewController.swift */ = {isa = PBXFileReference; lastKnownFileType = sourcecode.swift; path = UpLoadViewController.swift; sourceTree = "<group>"; };
/* End PBXFileReference section */

/* Begin PBXFrameworksBuildPhase section */
		FE04BEA222F0CE97002A2A05 /* Frameworks */ = {
			isa = PBXFrameworksBuildPhase;
			buildActionMask = 2147483647;
			files = (
			);
			runOnlyForDeploymentPostprocessing = 0;
		};
/* End PBXFrameworksBuildPhase section */

/* Begin PBXGroup section */
		FE04BE9C22F0CE97002A2A05 = {
			isa = PBXGroup;
			children = (
				FE04BEA722F0CE97002A2A05 /* Foton */,
				FE04BEA622F0CE97002A2A05 /* Products */,
			);
			sourceTree = "<group>";
		};
		FE04BEA622F0CE97002A2A05 /* Products */ = {
			isa = PBXGroup;
			children = (
				FE04BEA522F0CE97002A2A05 /* Foton.app */,
			);
			name = Products;
			sourceTree = "<group>";
		};
		FE04BEA722F0CE97002A2A05 /* Foton */ = {
			isa = PBXGroup;
			children = (
				FE04BEA822F0CE97002A2A05 /* AppDelegate.swift */,
				FE04BEAC22F0CE97002A2A05 /* Main.storyboard */,
				FE04BEBD22F0EC8A002A2A05 /* LoginViewController.swift */,
				FE04BEBF22F0ECC0002A2A05 /* FotoViewController.swift */,
				FE04BEC122F113D3002A2A05 /* FinalFotoViewController.swift */,
				FE04BEC322F21145002A2A05 /* UpLoadViewController.swift */,
				FE04BEB222F0CE99002A2A05 /* Assets.xcassets */,
				FE04BEB422F0CE99002A2A05 /* LaunchScreen.storyboard */,
				FE04BEB722F0CE99002A2A05 /* Info.plist */,
				FE04BEAF22F0CE97002A2A05 /* Foton.xcdatamodeld */,
			);
			path = Foton;
			sourceTree = "<group>";
		};
/* End PBXGroup section */

/* Begin PBXNativeTarget section */
		FE04BEA422F0CE97002A2A05 /* Foton */ = {
			isa = PBXNativeTarget;
			buildConfigurationList = FE04BEBA22F0CE99002A2A05 /* Build configuration list for PBXNativeTarget "Foton" */;
			buildPhases = (
				FE04BEA122F0CE97002A2A05 /* Sources */,
				FE04BEA222F0CE97002A2A05 /* Frameworks */,
				FE04BEA322F0CE97002A2A05 /* Resources */,
			);
			buildRules = (
			);
			dependencies = (
			);
			name = Foton;
			productName = Foton;
			productReference = FE04BEA522F0CE97002A2A05 /* Foton.app */;
			productType = "com.apple.product-type.application";
		};
/* End PBXNativeTarget section */

/* Begin PBXProject section */
		FE04BE9D22F0CE97002A2A05 /* Project object */ = {
			isa = PBXProject;
			attributes = {
				LastSwiftUpdateCheck = 1010;
				LastUpgradeCheck = 1010;
				ORGANIZATIONNAME = "Rafael Ignacio da Silva Nicolau";
				TargetAttributes = {
					FE04BEA422F0CE97002A2A05 = {
						CreatedOnToolsVersion = 10.1;
					};
				};
			};
			buildConfigurationList = FE04BEA022F0CE97002A2A05 /* Build configuration list for PBXProject "Foton" */;
			compatibilityVersion = "Xcode 9.3";
			developmentRegion = en;
			hasScannedForEncodings = 0;
			knownRegions = (
				en,
				Base,
			);
			mainGroup = FE04BE9C22F0CE97002A2A05;
			productRefGroup = FE04BEA622F0CE97002A2A05 /* Products */;
			projectDirPath = "";
			projectRoot = "";
			targets = (
				FE04BEA422F0CE97002A2A05 /* Foton */,
			);
		};
/* End PBXProject section */

/* Begin PBXResourcesBuildPhase section */
		FE04BEA322F0CE97002A2A05 /* Resources */ = {
			isa = PBXResourcesBuildPhase;
			buildActionMask = 2147483647;
			files = (
				FE04BEB622F0CE99002A2A05 /* LaunchScreen.storyboard in Resources */,
				FE04BEB322F0CE99002A2A05 /* Assets.xcassets in Resources */,
				FE04BEAE22F0CE97002A2A05 /* Main.storyboard in Resources */,
			);
			runOnlyForDeploymentPostprocessing = 0;
		};
/* End PBXResourcesBuildPhase section */

/* Begin PBXSourcesBuildPhase section */
		FE04BEA122F0CE97002A2A05 /* Sources */ = {
			isa = PBXSourcesBuildPhase;
			buildActionMask = 2147483647;
			files = (
				FE04BEC222F113D3002A2A05 /* FinalFotoViewController.swift in Sources */,
				FE04BEBE22F0EC8A002A2A05 /* LoginViewController.swift in Sources */,
				FE04BEB122F0CE97002A2A05 /* Foton.xcdatamodeld in Sources */,
				FE04BEC022F0ECC0002A2A05 /* FotoViewController.swift in Sources */,
				FE04BEA922F0CE97002A2A05 /* AppDelegate.swift in Sources */,
				FE04BEC422F21145002A2A05 /* UpLoadViewController.swift in Sources */,
			);
			runOnlyForDeploymentPostprocessing = 0;
		};
/* End PBXSourcesBuildPhase section */

/* Begin PBXVariantGroup section */
		FE04BEAC22F0CE97002A2A05 /* Main.storyboard */ = {
			isa = PBXVariantGroup;
			children = (
				FE04BEAD22F0CE97002A2A05 /* Base */,
			);
			name = Main.storyboard;
			sourceTree = "<group>";
		};
		FE04BEB422F0CE99002A2A05 /* LaunchScreen.storyboard */ = {
			isa = PBXVariantGroup;
			children = (
				FE04BEB522F0CE99002A2A05 /* Base */,
			);
			name = LaunchScreen.storyboard;
			sourceTree = "<group>";
		};
/* End PBXVariantGroup section */

/* Begin XCBuildConfiguration section */
		FE04BEB822F0CE99002A2A05 /* Debug */ = {
			isa = XCBuildConfiguration;
			buildSettings = {
				ALWAYS_SEARCH_USER_PATHS = NO;
				CLANG_ANALYZER_NONNULL = YES;
				CLANG_ANALYZER_NUMBER_OBJECT_CONVERSION = YES_AGGRESSIVE;
				CLANG_CXX_LANGUAGE_STANDARD = "gnu++14";
				CLANG_CXX_LIBRARY = "libc++";
				CLANG_ENABLE_MODULES = YES;
				CLANG_ENABLE_OBJC_ARC = YES;
				CLANG_ENABLE_OBJC_WEAK = YES;
				CLANG_WARN_BLOCK_CAPTURE_AUTORELEASING = YES;
				CLANG_WARN_BOOL_CONVERSION = YES;
				CLANG_WARN_COMMA = YES;
				CLANG_WARN_CONSTANT_CONVERSION = YES;
				CLANG_WARN_DEPRECATED_OBJC_IMPLEMENTATIONS = YES;
				CLANG_WARN_DIRECT_OBJC_ISA_USAGE = YES_ERROR;
				CLANG_WARN_DOCUMENTATION_COMMENTS = YES;
				CLANG_WARN_EMPTY_BODY = YES;
				CLANG_WARN_ENUM_CONVERSION = YES;
				CLANG_WARN_INFINITE_RECURSION = YES;
				CLANG_WARN_INT_CONVERSION = YES;
				CLANG_WARN_NON_LITERAL_NULL_CONVERSION = YES;
				CLANG_WARN_OBJC_IMPLICIT_RETAIN_SELF = YES;
				CLANG_WARN_OBJC_LITERAL_CONVERSION = YES;
				CLANG_WARN_OBJC_ROOT_CLASS = YES_ERROR;
				CLANG_WARN_RANGE_LOOP_ANALYSIS = YES;
				CLANG_WARN_STRICT_PROTOTYPES = YES;
				CLANG_WARN_SUSPICIOUS_MOVE = YES;
				CLANG_WARN_UNGUARDED_AVAILABILITY = YES_AGGRESSIVE;
				CLANG_WARN_UNREACHABLE_CODE = YES;
				CLANG_WARN__DUPLICATE_METHOD_MATCH = YES;
				CODE_SIGN_IDENTITY = "iPhone Developer";
				COPY_PHASE_STRIP = NO;
				DEBUG_INFORMATION_FORMAT = dwarf;
				ENABLE_STRICT_OBJC_MSGSEND = YES;
				ENABLE_TESTABILITY = YES;
				GCC_C_LANGUAGE_STANDARD = gnu11;
				GCC_DYNAMIC_NO_PIC = NO;
				GCC_NO_COMMON_BLOCKS = YES;
				GCC_OPTIMIZATION_LEVEL = 0;
				GCC_PREPROCESSOR_DEFINITIONS = (
					"DEBUG=1",
					"$(inherited)",
				);
				GCC_WARN_64_TO_32_BIT_CONVERSION = YES;
				GCC_WARN_ABOUT_RETURN_TYPE = YES_ERROR;
				GCC_WARN_UNDECLARED_SELECTOR = YES;
				GCC_WARN_UNINITIALIZED_AUTOS = YES_AGGRESSIVE;
				GCC_WARN_UNUSED_FUNCTION = YES;
				GCC_WARN_UNUSED_VARIABLE = YES;
				IPHONEOS_DEPLOYMENT_TARGET = 12.1;
				MTL_ENABLE_DEBUG_INFO = INCLUDE_SOURCE;
				MTL_FAST_MATH = YES;
				ONLY_ACTIVE_ARCH = YES;
				SDKROOT = iphoneos;
				SWIFT_ACTIVE_COMPILATION_CONDITIONS = DEBUG;
				SWIFT_OPTIMIZATION_LEVEL = "-Onone";
			};
			name = Debug;
		};
		FE04BEB922F0CE99002A2A05 /* Release */ = {
			isa = XCBuildConfiguration;
			buildSettings = {
				ALWAYS_SEARCH_USER_PATHS = NO;
				CLANG_ANALYZER_NONNULL = YES;
				CLANG_ANALYZER_NUMBER_OBJECT_CONVERSION = YES_AGGRESSIVE;
				CLANG_CXX_LANGUAGE_STANDARD = "gnu++14";
				CLANG_CXX_LIBRARY = "libc++";
				CLANG_ENABLE_MODULES = YES;
				CLANG_ENABLE_OBJC_ARC = YES;
				CLANG_ENABLE_OBJC_WEAK = YES;
				CLANG_WARN_BLOCK_CAPTURE_AUTORELEASING = YES;
				CLANG_WARN_BOOL_CONVERSION = YES;
				CLANG_WARN_COMMA = YES;
				CLANG_WARN_CONSTANT_CONVERSION = YES;
				CLANG_WARN_DEPRECATED_OBJC_IMPLEMENTATIONS = YES;
				CLANG_WARN_DIRECT_OBJC_ISA_USAGE = YES_ERROR;
				CLANG_WARN_DOCUMENTATION_COMMENTS = YES;
				CLANG_WARN_EMPTY_BODY = YES;
				CLANG_WARN_ENUM_CONVERSION = YES;
				CLANG_WARN_INFINITE_RECURSION = YES;
				CLANG_WARN_INT_CONVERSION = YES;
				CLANG_WARN_NON_LITERAL_NULL_CONVERSION = YES;
				CLANG_WARN_OBJC_IMPLICIT_RETAIN_SELF = YES;
				CLANG_WARN_OBJC_LITERAL_CONVERSION = YES;
				CLANG_WARN_OBJC_ROOT_CLASS = YES_ERROR;
				CLANG_WARN_RANGE_LOOP_ANALYSIS = YES;
				CLANG_WARN_STRICT_PROTOTYPES = YES;
				CLANG_WARN_SUSPICIOUS_MOVE = YES;
				CLANG_WARN_UNGUARDED_AVAILABILITY = YES_AGGRESSIVE;
				CLANG_WARN_UNREACHABLE_CODE = YES;
				CLANG_WARN__DUPLICATE_METHOD_MATCH = YES;
				CODE_SIGN_IDENTITY = "iPhone Developer";
				COPY_PHASE_STRIP = NO;
				DEBUG_INFORMATION_FORMAT = "dwarf-with-dsym";
				ENABLE_NS_ASSERTIONS = NO;
				ENABLE_STRICT_OBJC_MSGSEND = YES;
				GCC_C_LANGUAGE_STANDARD = gnu11;
				GCC_NO_COMMON_BLOCKS = YES;
				GCC_WARN_64_TO_32_BIT_CONVERSION = YES;
				GCC_WARN_ABOUT_RETURN_TYPE = YES_ERROR;
				GCC_WARN_UNDECLARED_SELECTOR = YES;
				GCC_WARN_UNINITIALIZED_AUTOS = YES_AGGRESSIVE;
				GCC_WARN_UNUSED_FUNCTION = YES;
				GCC_WARN_UNUSED_VARIABLE = YES;
				IPHONEOS_DEPLOYMENT_TARGET = 12.1;
				MTL_ENABLE_DEBUG_INFO = NO;
				MTL_FAST_MATH = YES;
				SDKROOT = iphoneos;
				SWIFT_COMPILATION_MODE = wholemodule;
				SWIFT_OPTIMIZATION_LEVEL = "-O";
				VALIDATE_PRODUCT = YES;
			};
			name = Release;
		};
		FE04BEBB22F0CE99002A2A05 /* Debug */ = {
			isa = XCBuildConfiguration;
			buildSettings = {
				ASSETCATALOG_COMPILER_APPICON_NAME = AppIcon;
				CODE_SIGN_IDENTITY = "iPhone Developer";
				CODE_SIGN_STYLE = Automatic;
				DEVELOPMENT_TEAM = N8UWU2GFK6;
				INFOPLIST_FILE = Foton/Info.plist;
				LD_RUNPATH_SEARCH_PATHS = (
					"$(inherited)",
					"@executable_path/Frameworks",
				);
				PRODUCT_BUNDLE_IDENTIFIER = rafaelnicolau.Foton;
				PRODUCT_NAME = "$(TARGET_NAME)";
				PROVISIONING_PROFILE_SPECIFIER = "";
				SWIFT_VERSION = 4.2;
				TARGETED_DEVICE_FAMILY = "1,2";
			};
			name = Debug;
		};
		FE04BEBC22F0CE99002A2A05 /* Release */ = {
			isa = XCBuildConfiguration;
			buildSettings = {
				ASSETCATALOG_COMPILER_APPICON_NAME = AppIcon;
				CODE_SIGN_IDENTITY = "iPhone Developer";
				CODE_SIGN_STYLE = Automatic;
				DEVELOPMENT_TEAM = N8UWU2GFK6;
				INFOPLIST_FILE = Foton/Info.plist;
				LD_RUNPATH_SEARCH_PATHS = (
					"$(inherited)",
					"@executable_path/Frameworks",
				);
				PRODUCT_BUNDLE_IDENTIFIER = rafaelnicolau.Foton;
				PRODUCT_NAME = "$(TARGET_NAME)";
				PROVISIONING_PROFILE_SPECIFIER = "";
				SWIFT_VERSION = 4.2;
				TARGETED_DEVICE_FAMILY = "1,2";
			};
			name = Release;
		};
/* End XCBuildConfiguration section */

/* Begin XCConfigurationList section */
		FE04BEA022F0CE97002A2A05 /* Build configuration list for PBXProject "Foton" */ = {
			isa = XCConfigurationList;
			buildConfigurations = (
				FE04BEB822F0CE99002A2A05 /* Debug */,
				FE04BEB922F0CE99002A2A05 /* Release */,
			);
			defaultConfigurationIsVisible = 0;
			defaultConfigurationName = Release;
		};
		FE04BEBA22F0CE99002A2A05 /* Build configuration list for PBXNativeTarget "Foton" */ = {
			isa = XCConfigurationList;
			buildConfigurations = (
				FE04BEBB22F0CE99002A2A05 /* Debug */,
				FE04BEBC22F0CE99002A2A05 /* Release */,
			);
			defaultConfigurationIsVisible = 0;
			defaultConfigurationName = Release;
		};
/* End XCConfigurationList section */

/* Begin XCVersionGroup section */
		FE04BEAF22F0CE97002A2A05 /* Foton.xcdatamodeld */ = {
			isa = XCVersionGroup;
			children = (
				FE04BEB022F0CE97002A2A05 /* Foton.xcdatamodel */,
			);
			currentVersion = FE04BEB022F0CE97002A2A05 /* Foton.xcdatamodel */;
			path = Foton.xcdatamodeld;
			sourceTree = "<group>";
			versionGroupType = wrapper.xcdatamodel;
		};
/* End XCVersionGroup section */
	};
	rootObject = FE04BE9D22F0CE97002A2A05 /* Project object */;
}
